
Microsoft Visual Studio Solution File, Format Version 12.00
# Visual Studio 14
VisualStudioVersion = 14.0.23107.0
MinimumVisualStudioVersion = 10.0.40219.1
Project("{FAE04EC0-301F-11D3-BF4B-00C04F79EFBC}") = "ChessUI", "ChessUI\ChessUI.csproj", "{42575EA1-4DFA-4209-A4A9-959065B69DF8}"
EndProject
Project("{8BC9CEB8-8B4A-11D0-8D11-00A0C91BC942}") = "Engine", "Engine\Engine.vcxproj", "{6D62C22A-8271-492A-A06F-BAB514DAA03B}"
EndProject
Project("{8BC9CEB8-8B4A-11D0-8D11-00A0C91BC942}") = "CPP BaseCode", "CPP BaseCode\CPP BaseCode.vcxproj", "{9488B884-C9AE-48FC-A88A-E1706A152D91}"
EndProject
Project("{2150E333-8FDC-42A3-9474-1A3956D46DE8}") = "UnitTests", "UnitTests", "{542B3DC2-200D-496D-B89D-92A9AB3F2607}"
EndProject
Project("{8BC9CEB8-8B4A-11D0-8D11-00A0C91BC942}") = "gtest", "..\Gtest\msvc\gtest.vcxproj", "{C8F6C172-56F2-4E76-B5FA-C3B423B31BE7}"
EndProject
Project("{8BC9CEB8-8B4A-11D0-8D11-00A0C91BC942}") = "EngineTest", "EngineTest\EngineTest.vcxproj", "{75029E9B-AD24-4C56-9E54-914E504770F0}"
EndProject
Global
	GlobalSection(SolutionConfigurationPlatforms) = preSolution
		Debug|Any CPU = Debug|Any CPU
		Debug|ARM = Debug|ARM
		Debug|Win32 = Debug|Win32
		Debug|x64 = Debug|x64
		Debug|x86 = Debug|x86
		Release|Any CPU = Release|Any CPU
		Release|ARM = Release|ARM
		Release|Win32 = Release|Win32
		Release|x64 = Release|x64
		Release|x86 = Release|x86
	EndGlobalSection
	GlobalSection(ProjectConfigurationPlatforms) = postSolution
		{42575EA1-4DFA-4209-A4A9-959065B69DF8}.Debug|Any CPU.ActiveCfg = Debug|x86
		{42575EA1-4DFA-4209-A4A9-959065B69DF8}.Debug|ARM.ActiveCfg = Debug|Any CPU
		{42575EA1-4DFA-4209-A4A9-959065B69DF8}.Debug|ARM.Build.0 = Debug|Any CPU
		{42575EA1-4DFA-4209-A4A9-959065B69DF8}.Debug|Win32.ActiveCfg = Debug|x86
		{42575EA1-4DFA-4209-A4A9-959065B69DF8}.Debug|Win32.Build.0 = Debug|x86
		{42575EA1-4DFA-4209-A4A9-959065B69DF8}.Debug|x64.ActiveCfg = Debug|x64
		{42575EA1-4DFA-4209-A4A9-959065B69DF8}.Debug|x64.Build.0 = Debug|x64
		{42575EA1-4DFA-4209-A4A9-959065B69DF8}.Debug|x86.ActiveCfg = Debug|x86
		{42575EA1-4DFA-4209-A4A9-959065B69DF8}.Debug|x86.Build.0 = Debug|x86
		{42575EA1-4DFA-4209-A4A9-959065B69DF8}.Release|Any CPU.ActiveCfg = Debug|x86
		{42575EA1-4DFA-4209-A4A9-959065B69DF8}.Release|ARM.ActiveCfg = Release|Any CPU
		{42575EA1-4DFA-4209-A4A9-959065B69DF8}.Release|ARM.Build.0 = Release|Any CPU
		{42575EA1-4DFA-4209-A4A9-959065B69DF8}.Release|Win32.ActiveCfg = Debug|x86
		{42575EA1-4DFA-4209-A4A9-959065B69DF8}.Release|Win32.Build.0 = Release|x86
		{42575EA1-4DFA-4209-A4A9-959065B69DF8}.Release|x64.ActiveCfg = Release|x86
		{42575EA1-4DFA-4209-A4A9-959065B69DF8}.Release|x86.ActiveCfg = Debug|x86
		{42575EA1-4DFA-4209-A4A9-959065B69DF8}.Release|x86.Build.0 = Release|x86
		{6D62C22A-8271-492A-A06F-BAB514DAA03B}.Debug|Any CPU.ActiveCfg = Debug|Win32
		{6D62C22A-8271-492A-A06F-BAB514DAA03B}.Debug|Any CPU.Build.0 = Debug|x64
		{6D62C22A-8271-492A-A06F-BAB514DAA03B}.Debug|ARM.ActiveCfg = Debug|Win32
		{6D62C22A-8271-492A-A06F-BAB514DAA03B}.Debug|Win32.ActiveCfg = Debug|Win32
		{6D62C22A-8271-492A-A06F-BAB514DAA03B}.Debug|Win32.Build.0 = Debug|Win32
		{6D62C22A-8271-492A-A06F-BAB514DAA03B}.Debug|x64.ActiveCfg = Debug|x64
		{6D62C22A-8271-492A-A06F-BAB514DAA03B}.Debug|x64.Build.0 = Debug|x64
		{6D62C22A-8271-492A-A06F-BAB514DAA03B}.Debug|x86.ActiveCfg = Debug|Win32
		{6D62C22A-8271-492A-A06F-BAB514DAA03B}.Debug|x86.Build.0 = Debug|Win32
		{6D62C22A-8271-492A-A06F-BAB514DAA03B}.Release|Any CPU.ActiveCfg = Debug|Win32
		{6D62C22A-8271-492A-A06F-BAB514DAA03B}.Release|ARM.ActiveCfg = Release|Win32
		{6D62C22A-8271-492A-A06F-BAB514DAA03B}.Release|Win32.ActiveCfg = Debug|Win32
		{6D62C22A-8271-492A-A06F-BAB514DAA03B}.Release|Win32.Build.0 = Release|Win32
		{6D62C22A-8271-492A-A06F-BAB514DAA03B}.Release|x64.ActiveCfg = Release|Win32
		{6D62C22A-8271-492A-A06F-BAB514DAA03B}.Release|x86.ActiveCfg = Debug|Win32
		{6D62C22A-8271-492A-A06F-BAB514DAA03B}.Release|x86.Build.0 = Release|Win32
		{9488B884-C9AE-48FC-A88A-E1706A152D91}.Debug|Any CPU.ActiveCfg = Debug|Win32
		{9488B884-C9AE-48FC-A88A-E1706A152D91}.Debug|Any CPU.Build.0 = Debug|x64
		{9488B884-C9AE-48FC-A88A-E1706A152D91}.Debug|ARM.ActiveCfg = Debug|Win32
		{9488B884-C9AE-48FC-A88A-E1706A152D91}.Debug|Win32.ActiveCfg = Debug|Win32
		{9488B884-C9AE-48FC-A88A-E1706A152D91}.Debug|Win32.Build.0 = Debug|Win32
		{9488B884-C9AE-48FC-A88A-E1706A152D91}.Debug|x64.ActiveCfg = Debug|x64
		{9488B884-C9AE-48FC-A88A-E1706A152D91}.Debug|x64.Build.0 = Debug|x64
		{9488B884-C9AE-48FC-A88A-E1706A152D91}.Debug|x86.ActiveCfg = Debug|Win32
		{9488B884-C9AE-48FC-A88A-E1706A152D91}.Debug|x86.Build.0 = Debug|Win32
		{9488B884-C9AE-48FC-A88A-E1706A152D91}.Release|Any CPU.ActiveCfg = Debug|Win32
		{9488B884-C9AE-48FC-A88A-E1706A152D91}.Release|ARM.ActiveCfg = Release|Win32
		{9488B884-C9AE-48FC-A88A-E1706A152D91}.Release|Win32.ActiveCfg = Debug|Win32
		{9488B884-C9AE-48FC-A88A-E1706A152D91}.Release|Win32.Build.0 = Release|Win32
		{9488B884-C9AE-48FC-A88A-E1706A152D91}.Release|x64.ActiveCfg = Release|Win32
		{9488B884-C9AE-48FC-A88A-E1706A152D91}.Release|x86.ActiveCfg = Debug|Win32
		{9488B884-C9AE-48FC-A88A-E1706A152D91}.Release|x86.Build.0 = Release|Win32
		{C8F6C172-56F2-4E76-B5FA-C3B423B31BE7}.Debug|Any CPU.ActiveCfg = Debug|Win32
		{C8F6C172-56F2-4E76-B5FA-C3B423B31BE7}.Debug|ARM.ActiveCfg = Debug|Win32
		{C8F6C172-56F2-4E76-B5FA-C3B423B31BE7}.Debug|Win32.ActiveCfg = Debug|Win32
		{C8F6C172-56F2-4E76-B5FA-C3B423B31BE7}.Debug|Win32.Build.0 = Debug|Win32
		{C8F6C172-56F2-4E76-B5FA-C3B423B31BE7}.Debug|x64.ActiveCfg = Debug|x64
		{C8F6C172-56F2-4E76-B5FA-C3B423B31BE7}.Debug|x64.Build.0 = Debug|x64
		{C8F6C172-56F2-4E76-B5FA-C3B423B31BE7}.Debug|x86.ActiveCfg = Debug|Win32
		{C8F6C172-56F2-4E76-B5FA-C3B423B31BE7}.Debug|x86.Build.0 = Debug|Win32
		{C8F6C172-56F2-4E76-B5FA-C3B423B31BE7}.Release|Any CPU.ActiveCfg = Release|Win32
		{C8F6C172-56F2-4E76-B5FA-C3B423B31BE7}.Release|ARM.ActiveCfg = Release|Win32
		{C8F6C172-56F2-4E76-B5FA-C3B423B31BE7}.Release|Win32.ActiveCfg = Release|Win32
		{C8F6C172-56F2-4E76-B5FA-C3B423B31BE7}.Release|Win32.Build.0 = Release|Win32
		{C8F6C172-56F2-4E76-B5FA-C3B423B31BE7}.Release|x64.ActiveCfg = Release|x64
		{C8F6C172-56F2-4E76-B5FA-C3B423B31BE7}.Release|x64.Build.0 = Release|x64
		{C8F6C172-56F2-4E76-B5FA-C3B423B31BE7}.Release|x86.ActiveCfg = Release|Win32
		{C8F6C172-56F2-4E76-B5FA-C3B423B31BE7}.Release|x86.Build.0 = Release|Win32
		{75029E9B-AD24-4C56-9E54-914E504770F0}.Debug|Any CPU.ActiveCfg = Debug|Win32
		{75029E9B-AD24-4C56-9E54-914E504770F0}.Debug|ARM.ActiveCfg = Debug|Win32
		{75029E9B-AD24-4C56-9E54-914E504770F0}.Debug|Win32.ActiveCfg = Debug|Win32
		{75029E9B-AD24-4C56-9E54-914E504770F0}.Debug|Win32.Build.0 = Debug|Win32
		{75029E9B-AD24-4C56-9E54-914E504770F0}.Debug|x64.ActiveCfg = Debug|x64
		{75029E9B-AD24-4C56-9E54-914E504770F0}.Debug|x64.Build.0 = Debug|x64
		{75029E9B-AD24-4C56-9E54-914E504770F0}.Debug|x86.ActiveCfg = Debug|Win32
		{75029E9B-AD24-4C56-9E54-914E504770F0}.Debug|x86.Build.0 = Debug|Win32
		{75029E9B-AD24-4C56-9E54-914E504770F0}.Release|Any CPU.ActiveCfg = Release|Win32
		{75029E9B-AD24-4C56-9E54-914E504770F0}.Release|ARM.ActiveCfg = Release|Win32
		{75029E9B-AD24-4C56-9E54-914E504770F0}.Release|Win32.ActiveCfg = Release|Win32
		{75029E9B-AD24-4C56-9E54-914E504770F0}.Release|Win32.Build.0 = Release|Win32
		{75029E9B-AD24-4C56-9E54-914E504770F0}.Release|x64.ActiveCfg = Release|x64
		{75029E9B-AD24-4C56-9E54-914E504770F0}.Release|x64.Build.0 = Release|x64
		{75029E9B-AD24-4C56-9E54-914E504770F0}.Release|x86.ActiveCfg = Release|Win32
		{75029E9B-AD24-4C56-9E54-914E504770F0}.Release|x86.Build.0 = Release|Win32
	EndGlobalSection
	GlobalSection(SolutionProperties) = preSolution
		HideSolutionNode = FALSE
	EndGlobalSection
	GlobalSection(NestedProjects) = preSolution
		{C8F6C172-56F2-4E76-B5FA-C3B423B31BE7} = {542B3DC2-200D-496D-B89D-92A9AB3F2607}
		{75029E9B-AD24-4C56-9E54-914E504770F0} = {542B3DC2-200D-496D-B89D-92A9AB3F2607}
	EndGlobalSection
EndGlobal
