
Microsoft Visual Studio Solution File, Format Version 12.00
# Visual Studio 14
VisualStudioVersion = 14.0.25420.1
MinimumVisualStudioVersion = 10.0.40219.1
Project("{FAE04EC0-301F-11D3-BF4B-00C04F79EFBC}") = "ChessUI", "ChessUI\ChessUI.csproj", "{42575EA1-4DFA-4209-A4A9-959065B69DF8}"
	ProjectSection(ProjectDependencies) = postProject
		{6D62C22A-8271-492A-A06F-BAB514DAA03B} = {6D62C22A-8271-492A-A06F-BAB514DAA03B}
		{5EB70CDA-DA3B-444B-AF18-F455C1459C13} = {5EB70CDA-DA3B-444B-AF18-F455C1459C13}
	EndProjectSection
EndProject
Project("{8BC9CEB8-8B4A-11D0-8D11-00A0C91BC942}") = "Engine", "Engine\Engine.vcxproj", "{6D62C22A-8271-492A-A06F-BAB514DAA03B}"
	ProjectSection(ProjectDependencies) = postProject
		{9488B884-C9AE-48FC-A88A-E1706A152D91} = {9488B884-C9AE-48FC-A88A-E1706A152D91}
	EndProjectSection
EndProject
Project("{8BC9CEB8-8B4A-11D0-8D11-00A0C91BC942}") = "CPP BaseCode", "CPP BaseCode\CPP BaseCode.vcxproj", "{9488B884-C9AE-48FC-A88A-E1706A152D91}"
EndProject
Project("{2150E333-8FDC-42A3-9474-1A3956D46DE8}") = "UnitTests", "UnitTests", "{542B3DC2-200D-496D-B89D-92A9AB3F2607}"
EndProject
Project("{FAE04EC0-301F-11D3-BF4B-00C04F79EFBC}") = "MockEngine", "MockEngine\MockEngine.csproj", "{5EB70CDA-DA3B-444B-AF18-F455C1459C13}"
EndProject
Project("{FAE04EC0-301F-11D3-BF4B-00C04F79EFBC}") = "UIModelTests", "UIModelTests\UIModelTests.csproj", "{7695A0E3-2811-4F6E-92EF-94D856EFB784}"
EndProject
Project("{8BC9CEB8-8B4A-11D0-8D11-00A0C91BC942}") = "EngineTests", "EngineTests\EngineTests.vcxproj", "{EDA19C32-1FB0-4372-AFEF-94EC9E0066D2}"
EndProject
Global
	GlobalSection(SolutionConfigurationPlatforms) = preSolution
		Debug|Any CPU = Debug|Any CPU
		Debug|ARM = Debug|ARM
		Debug|Win32 = Debug|Win32
		Debug|x64 = Debug|x64
		Debug|x86 = Debug|x86
		EngineDLL|Any CPU = EngineDLL|Any CPU
		EngineDLL|ARM = EngineDLL|ARM
		EngineDLL|Win32 = EngineDLL|Win32
		EngineDLL|x64 = EngineDLL|x64
		EngineDLL|x86 = EngineDLL|x86
		PerformanceProfiling|Any CPU = PerformanceProfiling|Any CPU
		PerformanceProfiling|ARM = PerformanceProfiling|ARM
		PerformanceProfiling|Win32 = PerformanceProfiling|Win32
		PerformanceProfiling|x64 = PerformanceProfiling|x64
		PerformanceProfiling|x86 = PerformanceProfiling|x86
		Release|Any CPU = Release|Any CPU
		Release|ARM = Release|ARM
		Release|Win32 = Release|Win32
		Release|x64 = Release|x64
		Release|x86 = Release|x86
		UI_UnitTest|Any CPU = UI_UnitTest|Any CPU
		UI_UnitTest|ARM = UI_UnitTest|ARM
		UI_UnitTest|Win32 = UI_UnitTest|Win32
		UI_UnitTest|x64 = UI_UnitTest|x64
		UI_UnitTest|x86 = UI_UnitTest|x86
		UnitTests|Any CPU = UnitTests|Any CPU
		UnitTests|ARM = UnitTests|ARM
		UnitTests|Win32 = UnitTests|Win32
		UnitTests|x64 = UnitTests|x64
		UnitTests|x86 = UnitTests|x86
	EndGlobalSection
	GlobalSection(ProjectConfigurationPlatforms) = postSolution
		{42575EA1-4DFA-4209-A4A9-959065B69DF8}.Debug|Any CPU.ActiveCfg = Debug|Any CPU
		{42575EA1-4DFA-4209-A4A9-959065B69DF8}.Debug|Any CPU.Build.0 = Debug|Any CPU
		{42575EA1-4DFA-4209-A4A9-959065B69DF8}.Debug|ARM.ActiveCfg = Debug|Any CPU
		{42575EA1-4DFA-4209-A4A9-959065B69DF8}.Debug|ARM.Build.0 = Debug|Any CPU
		{42575EA1-4DFA-4209-A4A9-959065B69DF8}.Debug|Win32.ActiveCfg = Debug|x86
		{42575EA1-4DFA-4209-A4A9-959065B69DF8}.Debug|Win32.Build.0 = Debug|x86
		{42575EA1-4DFA-4209-A4A9-959065B69DF8}.Debug|x64.ActiveCfg = Debug|Any CPU
		{42575EA1-4DFA-4209-A4A9-959065B69DF8}.Debug|x64.Build.0 = Debug|Any CPU
		{42575EA1-4DFA-4209-A4A9-959065B69DF8}.Debug|x86.ActiveCfg = Debug|x86
		{42575EA1-4DFA-4209-A4A9-959065B69DF8}.Debug|x86.Build.0 = Debug|x86
		{42575EA1-4DFA-4209-A4A9-959065B69DF8}.EngineDLL|Any CPU.ActiveCfg = EngineDLL|Any CPU
		{42575EA1-4DFA-4209-A4A9-959065B69DF8}.EngineDLL|Any CPU.Build.0 = EngineDLL|Any CPU
		{42575EA1-4DFA-4209-A4A9-959065B69DF8}.EngineDLL|ARM.ActiveCfg = EngineDLL|Any CPU
		{42575EA1-4DFA-4209-A4A9-959065B69DF8}.EngineDLL|ARM.Build.0 = EngineDLL|Any CPU
		{42575EA1-4DFA-4209-A4A9-959065B69DF8}.EngineDLL|Win32.ActiveCfg = EngineDLL|x86
		{42575EA1-4DFA-4209-A4A9-959065B69DF8}.EngineDLL|Win32.Build.0 = EngineDLL|x86
		{42575EA1-4DFA-4209-A4A9-959065B69DF8}.EngineDLL|x64.ActiveCfg = EngineDLL|x64
		{42575EA1-4DFA-4209-A4A9-959065B69DF8}.EngineDLL|x64.Build.0 = EngineDLL|x64
		{42575EA1-4DFA-4209-A4A9-959065B69DF8}.EngineDLL|x86.ActiveCfg = EngineDLL|x86
		{42575EA1-4DFA-4209-A4A9-959065B69DF8}.EngineDLL|x86.Build.0 = EngineDLL|x86
		{42575EA1-4DFA-4209-A4A9-959065B69DF8}.PerformanceProfiling|Any CPU.ActiveCfg = PerformanceProfiling|Any CPU
		{42575EA1-4DFA-4209-A4A9-959065B69DF8}.PerformanceProfiling|Any CPU.Build.0 = PerformanceProfiling|Any CPU
		{42575EA1-4DFA-4209-A4A9-959065B69DF8}.PerformanceProfiling|ARM.ActiveCfg = PerformanceProfiling|Any CPU
		{42575EA1-4DFA-4209-A4A9-959065B69DF8}.PerformanceProfiling|ARM.Build.0 = PerformanceProfiling|Any CPU
		{42575EA1-4DFA-4209-A4A9-959065B69DF8}.PerformanceProfiling|Win32.ActiveCfg = PerformanceProfiling|x86
		{42575EA1-4DFA-4209-A4A9-959065B69DF8}.PerformanceProfiling|Win32.Build.0 = PerformanceProfiling|x86
		{42575EA1-4DFA-4209-A4A9-959065B69DF8}.PerformanceProfiling|x64.ActiveCfg = PerformanceProfiling|x64
		{42575EA1-4DFA-4209-A4A9-959065B69DF8}.PerformanceProfiling|x64.Build.0 = PerformanceProfiling|x64
		{42575EA1-4DFA-4209-A4A9-959065B69DF8}.PerformanceProfiling|x86.ActiveCfg = PerformanceProfiling|x86
		{42575EA1-4DFA-4209-A4A9-959065B69DF8}.PerformanceProfiling|x86.Build.0 = PerformanceProfiling|x86
		{42575EA1-4DFA-4209-A4A9-959065B69DF8}.Release|Any CPU.ActiveCfg = Debug|x86
		{42575EA1-4DFA-4209-A4A9-959065B69DF8}.Release|ARM.ActiveCfg = Release|Any CPU
		{42575EA1-4DFA-4209-A4A9-959065B69DF8}.Release|ARM.Build.0 = Release|Any CPU
		{42575EA1-4DFA-4209-A4A9-959065B69DF8}.Release|Win32.ActiveCfg = Debug|x86
		{42575EA1-4DFA-4209-A4A9-959065B69DF8}.Release|Win32.Build.0 = Release|x86
		{42575EA1-4DFA-4209-A4A9-959065B69DF8}.Release|x64.ActiveCfg = Release|x86
		{42575EA1-4DFA-4209-A4A9-959065B69DF8}.Release|x64.Build.0 = Release|x86
		{42575EA1-4DFA-4209-A4A9-959065B69DF8}.Release|x86.ActiveCfg = Debug|x86
		{42575EA1-4DFA-4209-A4A9-959065B69DF8}.Release|x86.Build.0 = Release|x86
		{42575EA1-4DFA-4209-A4A9-959065B69DF8}.UI_UnitTest|Any CPU.ActiveCfg = UI_UnitTest|Any CPU
		{42575EA1-4DFA-4209-A4A9-959065B69DF8}.UI_UnitTest|Any CPU.Build.0 = UI_UnitTest|Any CPU
		{42575EA1-4DFA-4209-A4A9-959065B69DF8}.UI_UnitTest|ARM.ActiveCfg = UI_UnitTest|Any CPU
		{42575EA1-4DFA-4209-A4A9-959065B69DF8}.UI_UnitTest|ARM.Build.0 = UI_UnitTest|Any CPU
		{42575EA1-4DFA-4209-A4A9-959065B69DF8}.UI_UnitTest|Win32.ActiveCfg = UI_UnitTest|x86
		{42575EA1-4DFA-4209-A4A9-959065B69DF8}.UI_UnitTest|Win32.Build.0 = UI_UnitTest|x86
		{42575EA1-4DFA-4209-A4A9-959065B69DF8}.UI_UnitTest|x64.ActiveCfg = UI_UnitTest|Any CPU
		{42575EA1-4DFA-4209-A4A9-959065B69DF8}.UI_UnitTest|x64.Build.0 = UI_UnitTest|Any CPU
		{42575EA1-4DFA-4209-A4A9-959065B69DF8}.UI_UnitTest|x86.ActiveCfg = UI_UnitTest|x86
		{42575EA1-4DFA-4209-A4A9-959065B69DF8}.UI_UnitTest|x86.Build.0 = UI_UnitTest|x86
		{42575EA1-4DFA-4209-A4A9-959065B69DF8}.UnitTests|Any CPU.ActiveCfg = UnitTests|Any CPU
		{42575EA1-4DFA-4209-A4A9-959065B69DF8}.UnitTests|ARM.ActiveCfg = UnitTests|Any CPU
		{42575EA1-4DFA-4209-A4A9-959065B69DF8}.UnitTests|ARM.Build.0 = UnitTests|Any CPU
		{42575EA1-4DFA-4209-A4A9-959065B69DF8}.UnitTests|Win32.ActiveCfg = UnitTests|x86
		{42575EA1-4DFA-4209-A4A9-959065B69DF8}.UnitTests|Win32.Build.0 = UnitTests|x86
		{42575EA1-4DFA-4209-A4A9-959065B69DF8}.UnitTests|x64.ActiveCfg = Debug|x64
		{42575EA1-4DFA-4209-A4A9-959065B69DF8}.UnitTests|x64.Build.0 = Debug|x64
		{42575EA1-4DFA-4209-A4A9-959065B69DF8}.UnitTests|x86.ActiveCfg = UnitTests|x86
		{6D62C22A-8271-492A-A06F-BAB514DAA03B}.Debug|Any CPU.ActiveCfg = Debug|Win32
		{6D62C22A-8271-492A-A06F-BAB514DAA03B}.Debug|ARM.ActiveCfg = Debug|Win32
		{6D62C22A-8271-492A-A06F-BAB514DAA03B}.Debug|Win32.ActiveCfg = Debug|Win32
		{6D62C22A-8271-492A-A06F-BAB514DAA03B}.Debug|Win32.Build.0 = Debug|Win32
		{6D62C22A-8271-492A-A06F-BAB514DAA03B}.Debug|x64.ActiveCfg = Debug|x64
		{6D62C22A-8271-492A-A06F-BAB514DAA03B}.Debug|x64.Build.0 = Debug|x64
		{6D62C22A-8271-492A-A06F-BAB514DAA03B}.Debug|x86.ActiveCfg = Debug|Win32
		{6D62C22A-8271-492A-A06F-BAB514DAA03B}.Debug|x86.Build.0 = Debug|Win32
		{6D62C22A-8271-492A-A06F-BAB514DAA03B}.EngineDLL|Any CPU.ActiveCfg = EngineDLL|Win32
		{6D62C22A-8271-492A-A06F-BAB514DAA03B}.EngineDLL|ARM.ActiveCfg = EngineDLL|Win32
		{6D62C22A-8271-492A-A06F-BAB514DAA03B}.EngineDLL|Win32.ActiveCfg = EngineDLL|Win32
		{6D62C22A-8271-492A-A06F-BAB514DAA03B}.EngineDLL|Win32.Build.0 = EngineDLL|Win32
		{6D62C22A-8271-492A-A06F-BAB514DAA03B}.EngineDLL|x64.ActiveCfg = EngineDLL|x64
		{6D62C22A-8271-492A-A06F-BAB514DAA03B}.EngineDLL|x64.Build.0 = EngineDLL|x64
		{6D62C22A-8271-492A-A06F-BAB514DAA03B}.EngineDLL|x86.ActiveCfg = EngineDLL|Win32
		{6D62C22A-8271-492A-A06F-BAB514DAA03B}.EngineDLL|x86.Build.0 = EngineDLL|Win32
		{6D62C22A-8271-492A-A06F-BAB514DAA03B}.PerformanceProfiling|Any CPU.ActiveCfg = PerformanceProfiling|Win32
		{6D62C22A-8271-492A-A06F-BAB514DAA03B}.PerformanceProfiling|ARM.ActiveCfg = PerformanceProfiling|Win32
		{6D62C22A-8271-492A-A06F-BAB514DAA03B}.PerformanceProfiling|Win32.ActiveCfg = PerformanceProfiling|Win32
		{6D62C22A-8271-492A-A06F-BAB514DAA03B}.PerformanceProfiling|Win32.Build.0 = PerformanceProfiling|Win32
		{6D62C22A-8271-492A-A06F-BAB514DAA03B}.PerformanceProfiling|x64.ActiveCfg = PerformanceProfiling|x64
		{6D62C22A-8271-492A-A06F-BAB514DAA03B}.PerformanceProfiling|x64.Build.0 = PerformanceProfiling|x64
		{6D62C22A-8271-492A-A06F-BAB514DAA03B}.PerformanceProfiling|x86.ActiveCfg = PerformanceProfiling|Win32
		{6D62C22A-8271-492A-A06F-BAB514DAA03B}.PerformanceProfiling|x86.Build.0 = PerformanceProfiling|Win32
		{6D62C22A-8271-492A-A06F-BAB514DAA03B}.Release|Any CPU.ActiveCfg = Debug|Win32
		{6D62C22A-8271-492A-A06F-BAB514DAA03B}.Release|ARM.ActiveCfg = Release|Win32
		{6D62C22A-8271-492A-A06F-BAB514DAA03B}.Release|Win32.ActiveCfg = Debug|Win32
		{6D62C22A-8271-492A-A06F-BAB514DAA03B}.Release|Win32.Build.0 = Release|Win32
		{6D62C22A-8271-492A-A06F-BAB514DAA03B}.Release|x64.ActiveCfg = Release|x64
		{6D62C22A-8271-492A-A06F-BAB514DAA03B}.Release|x64.Build.0 = Release|x64
		{6D62C22A-8271-492A-A06F-BAB514DAA03B}.Release|x86.ActiveCfg = Debug|Win32
		{6D62C22A-8271-492A-A06F-BAB514DAA03B}.Release|x86.Build.0 = Release|Win32
		{6D62C22A-8271-492A-A06F-BAB514DAA03B}.UI_UnitTest|Any CPU.ActiveCfg = UI_UnitTest|Win32
		{6D62C22A-8271-492A-A06F-BAB514DAA03B}.UI_UnitTest|ARM.ActiveCfg = UI_UnitTest|Win32
		{6D62C22A-8271-492A-A06F-BAB514DAA03B}.UI_UnitTest|Win32.ActiveCfg = UI_UnitTest|Win32
		{6D62C22A-8271-492A-A06F-BAB514DAA03B}.UI_UnitTest|Win32.Build.0 = UI_UnitTest|Win32
		{6D62C22A-8271-492A-A06F-BAB514DAA03B}.UI_UnitTest|x64.ActiveCfg = UI_UnitTest|x64
		{6D62C22A-8271-492A-A06F-BAB514DAA03B}.UI_UnitTest|x86.ActiveCfg = UI_UnitTest|Win32
		{6D62C22A-8271-492A-A06F-BAB514DAA03B}.UI_UnitTest|x86.Build.0 = UI_UnitTest|Win32
		{6D62C22A-8271-492A-A06F-BAB514DAA03B}.UnitTests|Any CPU.ActiveCfg = UnitTests|Win32
		{6D62C22A-8271-492A-A06F-BAB514DAA03B}.UnitTests|ARM.ActiveCfg = UnitTests|Win32
		{6D62C22A-8271-492A-A06F-BAB514DAA03B}.UnitTests|Win32.ActiveCfg = UnitTests|Win32
		{6D62C22A-8271-492A-A06F-BAB514DAA03B}.UnitTests|x64.ActiveCfg = UnitTests|x64
		{6D62C22A-8271-492A-A06F-BAB514DAA03B}.UnitTests|x64.Build.0 = UnitTests|x64
		{6D62C22A-8271-492A-A06F-BAB514DAA03B}.UnitTests|x86.ActiveCfg = UnitTests|Win32
		{6D62C22A-8271-492A-A06F-BAB514DAA03B}.UnitTests|x86.Build.0 = UnitTests|Win32
		{9488B884-C9AE-48FC-A88A-E1706A152D91}.Debug|Any CPU.ActiveCfg = Debug|Win32
		{9488B884-C9AE-48FC-A88A-E1706A152D91}.Debug|ARM.ActiveCfg = Debug|Win32
		{9488B884-C9AE-48FC-A88A-E1706A152D91}.Debug|Win32.ActiveCfg = Debug|Win32
		{9488B884-C9AE-48FC-A88A-E1706A152D91}.Debug|Win32.Build.0 = Debug|Win32
		{9488B884-C9AE-48FC-A88A-E1706A152D91}.Debug|x64.ActiveCfg = Debug|x64
		{9488B884-C9AE-48FC-A88A-E1706A152D91}.Debug|x64.Build.0 = Debug|x64
		{9488B884-C9AE-48FC-A88A-E1706A152D91}.Debug|x86.ActiveCfg = Debug|Win32
		{9488B884-C9AE-48FC-A88A-E1706A152D91}.Debug|x86.Build.0 = Debug|Win32
		{9488B884-C9AE-48FC-A88A-E1706A152D91}.EngineDLL|Any CPU.ActiveCfg = EngineDLL|Win32
		{9488B884-C9AE-48FC-A88A-E1706A152D91}.EngineDLL|ARM.ActiveCfg = EngineDLL|Win32
		{9488B884-C9AE-48FC-A88A-E1706A152D91}.EngineDLL|Win32.ActiveCfg = EngineDLL|Win32
		{9488B884-C9AE-48FC-A88A-E1706A152D91}.EngineDLL|x64.ActiveCfg = EngineDLL|x64
		{9488B884-C9AE-48FC-A88A-E1706A152D91}.EngineDLL|x86.ActiveCfg = EngineDLL|Win32
		{9488B884-C9AE-48FC-A88A-E1706A152D91}.EngineDLL|x86.Build.0 = EngineDLL|Win32
		{9488B884-C9AE-48FC-A88A-E1706A152D91}.PerformanceProfiling|Any CPU.ActiveCfg = PerformanceProfiling|Win32
		{9488B884-C9AE-48FC-A88A-E1706A152D91}.PerformanceProfiling|ARM.ActiveCfg = PerformanceProfiling|Win32
		{9488B884-C9AE-48FC-A88A-E1706A152D91}.PerformanceProfiling|Win32.ActiveCfg = PerformanceProfiling|Win32
		{9488B884-C9AE-48FC-A88A-E1706A152D91}.PerformanceProfiling|Win32.Build.0 = PerformanceProfiling|Win32
		{9488B884-C9AE-48FC-A88A-E1706A152D91}.PerformanceProfiling|x64.ActiveCfg = PerformanceProfiling|x64
		{9488B884-C9AE-48FC-A88A-E1706A152D91}.PerformanceProfiling|x64.Build.0 = PerformanceProfiling|x64
		{9488B884-C9AE-48FC-A88A-E1706A152D91}.PerformanceProfiling|x86.ActiveCfg = PerformanceProfiling|Win32
		{9488B884-C9AE-48FC-A88A-E1706A152D91}.PerformanceProfiling|x86.Build.0 = PerformanceProfiling|Win32
		{9488B884-C9AE-48FC-A88A-E1706A152D91}.Release|Any CPU.ActiveCfg = Debug|Win32
		{9488B884-C9AE-48FC-A88A-E1706A152D91}.Release|ARM.ActiveCfg = Release|Win32
		{9488B884-C9AE-48FC-A88A-E1706A152D91}.Release|Win32.ActiveCfg = Debug|Win32
		{9488B884-C9AE-48FC-A88A-E1706A152D91}.Release|Win32.Build.0 = Release|Win32
		{9488B884-C9AE-48FC-A88A-E1706A152D91}.Release|x64.ActiveCfg = Release|x64
		{9488B884-C9AE-48FC-A88A-E1706A152D91}.Release|x64.Build.0 = Release|x64
		{9488B884-C9AE-48FC-A88A-E1706A152D91}.Release|x86.ActiveCfg = Debug|Win32
		{9488B884-C9AE-48FC-A88A-E1706A152D91}.Release|x86.Build.0 = Release|Win32
		{9488B884-C9AE-48FC-A88A-E1706A152D91}.UI_UnitTest|Any CPU.ActiveCfg = UI_UnitTest|Win32
		{9488B884-C9AE-48FC-A88A-E1706A152D91}.UI_UnitTest|ARM.ActiveCfg = UI_UnitTest|Win32
		{9488B884-C9AE-48FC-A88A-E1706A152D91}.UI_UnitTest|Win32.ActiveCfg = UI_UnitTest|Win32
		{9488B884-C9AE-48FC-A88A-E1706A152D91}.UI_UnitTest|Win32.Build.0 = UI_UnitTest|Win32
		{9488B884-C9AE-48FC-A88A-E1706A152D91}.UI_UnitTest|x64.ActiveCfg = UI_UnitTest|x64
		{9488B884-C9AE-48FC-A88A-E1706A152D91}.UI_UnitTest|x86.ActiveCfg = UI_UnitTest|Win32
		{9488B884-C9AE-48FC-A88A-E1706A152D91}.UI_UnitTest|x86.Build.0 = UI_UnitTest|Win32
		{9488B884-C9AE-48FC-A88A-E1706A152D91}.UnitTests|Any CPU.ActiveCfg = UnitTests|Win32
		{9488B884-C9AE-48FC-A88A-E1706A152D91}.UnitTests|ARM.ActiveCfg = UnitTests|Win32
		{9488B884-C9AE-48FC-A88A-E1706A152D91}.UnitTests|Win32.ActiveCfg = UnitTests|Win32
		{9488B884-C9AE-48FC-A88A-E1706A152D91}.UnitTests|x64.ActiveCfg = UnitTests|x64
		{9488B884-C9AE-48FC-A88A-E1706A152D91}.UnitTests|x64.Build.0 = UnitTests|x64
		{9488B884-C9AE-48FC-A88A-E1706A152D91}.UnitTests|x86.ActiveCfg = UnitTests|Win32
		{9488B884-C9AE-48FC-A88A-E1706A152D91}.UnitTests|x86.Build.0 = UnitTests|Win32
		{5EB70CDA-DA3B-444B-AF18-F455C1459C13}.Debug|Any CPU.ActiveCfg = Debug|Any CPU
		{5EB70CDA-DA3B-444B-AF18-F455C1459C13}.Debug|Any CPU.Build.0 = Debug|Any CPU
		{5EB70CDA-DA3B-444B-AF18-F455C1459C13}.Debug|ARM.ActiveCfg = Debug|Any CPU
		{5EB70CDA-DA3B-444B-AF18-F455C1459C13}.Debug|ARM.Build.0 = Debug|Any CPU
		{5EB70CDA-DA3B-444B-AF18-F455C1459C13}.Debug|Win32.ActiveCfg = Debug|Any CPU
		{5EB70CDA-DA3B-444B-AF18-F455C1459C13}.Debug|Win32.Build.0 = Debug|Any CPU
		{5EB70CDA-DA3B-444B-AF18-F455C1459C13}.Debug|x64.ActiveCfg = Debug|x64
		{5EB70CDA-DA3B-444B-AF18-F455C1459C13}.Debug|x86.ActiveCfg = Debug|Any CPU
		{5EB70CDA-DA3B-444B-AF18-F455C1459C13}.Debug|x86.Build.0 = Debug|Any CPU
		{5EB70CDA-DA3B-444B-AF18-F455C1459C13}.EngineDLL|Any CPU.ActiveCfg = EngineDLL|Any CPU
		{5EB70CDA-DA3B-444B-AF18-F455C1459C13}.EngineDLL|Any CPU.Build.0 = EngineDLL|Any CPU
		{5EB70CDA-DA3B-444B-AF18-F455C1459C13}.EngineDLL|ARM.ActiveCfg = EngineDLL|Any CPU
		{5EB70CDA-DA3B-444B-AF18-F455C1459C13}.EngineDLL|ARM.Build.0 = EngineDLL|Any CPU
		{5EB70CDA-DA3B-444B-AF18-F455C1459C13}.EngineDLL|Win32.ActiveCfg = EngineDLL|Any CPU
		{5EB70CDA-DA3B-444B-AF18-F455C1459C13}.EngineDLL|Win32.Build.0 = EngineDLL|Any CPU
		{5EB70CDA-DA3B-444B-AF18-F455C1459C13}.EngineDLL|x64.ActiveCfg = EngineDLL|x64
		{5EB70CDA-DA3B-444B-AF18-F455C1459C13}.EngineDLL|x64.Build.0 = EngineDLL|x64
		{5EB70CDA-DA3B-444B-AF18-F455C1459C13}.EngineDLL|x86.ActiveCfg = EngineDLL|Any CPU
		{5EB70CDA-DA3B-444B-AF18-F455C1459C13}.EngineDLL|x86.Build.0 = EngineDLL|Any CPU
		{5EB70CDA-DA3B-444B-AF18-F455C1459C13}.PerformanceProfiling|Any CPU.ActiveCfg = PerformanceProfiling|Any CPU
		{5EB70CDA-DA3B-444B-AF18-F455C1459C13}.PerformanceProfiling|ARM.ActiveCfg = PerformanceProfiling|Any CPU
		{5EB70CDA-DA3B-444B-AF18-F455C1459C13}.PerformanceProfiling|ARM.Build.0 = PerformanceProfiling|Any CPU
		{5EB70CDA-DA3B-444B-AF18-F455C1459C13}.PerformanceProfiling|Win32.ActiveCfg = PerformanceProfiling|Any CPU
		{5EB70CDA-DA3B-444B-AF18-F455C1459C13}.PerformanceProfiling|Win32.Build.0 = PerformanceProfiling|Any CPU
		{5EB70CDA-DA3B-444B-AF18-F455C1459C13}.PerformanceProfiling|x64.ActiveCfg = PerformanceProfiling|x64
		{5EB70CDA-DA3B-444B-AF18-F455C1459C13}.PerformanceProfiling|x86.ActiveCfg = PerformanceProfiling|Any CPU
		{5EB70CDA-DA3B-444B-AF18-F455C1459C13}.PerformanceProfiling|x86.Build.0 = PerformanceProfiling|Any CPU
		{5EB70CDA-DA3B-444B-AF18-F455C1459C13}.Release|Any CPU.ActiveCfg = Release|Any CPU
		{5EB70CDA-DA3B-444B-AF18-F455C1459C13}.Release|Any CPU.Build.0 = Release|Any CPU
		{5EB70CDA-DA3B-444B-AF18-F455C1459C13}.Release|ARM.ActiveCfg = Release|Any CPU
		{5EB70CDA-DA3B-444B-AF18-F455C1459C13}.Release|ARM.Build.0 = Release|Any CPU
		{5EB70CDA-DA3B-444B-AF18-F455C1459C13}.Release|Win32.ActiveCfg = Release|Any CPU
		{5EB70CDA-DA3B-444B-AF18-F455C1459C13}.Release|Win32.Build.0 = Release|Any CPU
		{5EB70CDA-DA3B-444B-AF18-F455C1459C13}.Release|x64.ActiveCfg = Release|Any CPU
		{5EB70CDA-DA3B-444B-AF18-F455C1459C13}.Release|x86.ActiveCfg = Release|Any CPU
		{5EB70CDA-DA3B-444B-AF18-F455C1459C13}.Release|x86.Build.0 = Release|Any CPU
		{5EB70CDA-DA3B-444B-AF18-F455C1459C13}.UI_UnitTest|Any CPU.ActiveCfg = UI_UnitTest|Any CPU
		{5EB70CDA-DA3B-444B-AF18-F455C1459C13}.UI_UnitTest|Any CPU.Build.0 = UI_UnitTest|Any CPU
		{5EB70CDA-DA3B-444B-AF18-F455C1459C13}.UI_UnitTest|ARM.ActiveCfg = UI_UnitTest|Any CPU
		{5EB70CDA-DA3B-444B-AF18-F455C1459C13}.UI_UnitTest|ARM.Build.0 = UI_UnitTest|Any CPU
		{5EB70CDA-DA3B-444B-AF18-F455C1459C13}.UI_UnitTest|Win32.ActiveCfg = UI_UnitTest|Any CPU
		{5EB70CDA-DA3B-444B-AF18-F455C1459C13}.UI_UnitTest|Win32.Build.0 = UI_UnitTest|Any CPU
		{5EB70CDA-DA3B-444B-AF18-F455C1459C13}.UI_UnitTest|x64.ActiveCfg = UI_UnitTest|Any CPU
		{5EB70CDA-DA3B-444B-AF18-F455C1459C13}.UI_UnitTest|x64.Build.0 = UI_UnitTest|Any CPU
		{5EB70CDA-DA3B-444B-AF18-F455C1459C13}.UI_UnitTest|x86.ActiveCfg = UI_UnitTest|Any CPU
		{5EB70CDA-DA3B-444B-AF18-F455C1459C13}.UI_UnitTest|x86.Build.0 = UI_UnitTest|Any CPU
		{5EB70CDA-DA3B-444B-AF18-F455C1459C13}.UnitTests|Any CPU.ActiveCfg = Release|Any CPU
		{5EB70CDA-DA3B-444B-AF18-F455C1459C13}.UnitTests|Any CPU.Build.0 = Release|Any CPU
		{5EB70CDA-DA3B-444B-AF18-F455C1459C13}.UnitTests|ARM.ActiveCfg = Release|Any CPU
		{5EB70CDA-DA3B-444B-AF18-F455C1459C13}.UnitTests|ARM.Build.0 = Release|Any CPU
		{5EB70CDA-DA3B-444B-AF18-F455C1459C13}.UnitTests|Win32.ActiveCfg = Release|Any CPU
		{5EB70CDA-DA3B-444B-AF18-F455C1459C13}.UnitTests|Win32.Build.0 = Release|Any CPU
		{5EB70CDA-DA3B-444B-AF18-F455C1459C13}.UnitTests|x64.ActiveCfg = Release|Any CPU
		{5EB70CDA-DA3B-444B-AF18-F455C1459C13}.UnitTests|x64.Build.0 = Release|Any CPU
		{5EB70CDA-DA3B-444B-AF18-F455C1459C13}.UnitTests|x86.ActiveCfg = Release|Any CPU
		{5EB70CDA-DA3B-444B-AF18-F455C1459C13}.UnitTests|x86.Build.0 = Release|Any CPU
		{7695A0E3-2811-4F6E-92EF-94D856EFB784}.Debug|Any CPU.ActiveCfg = Debug|Any CPU
		{7695A0E3-2811-4F6E-92EF-94D856EFB784}.Debug|Any CPU.Build.0 = Debug|Any CPU
		{7695A0E3-2811-4F6E-92EF-94D856EFB784}.Debug|ARM.ActiveCfg = Debug|Any CPU
		{7695A0E3-2811-4F6E-92EF-94D856EFB784}.Debug|ARM.Build.0 = Debug|Any CPU
		{7695A0E3-2811-4F6E-92EF-94D856EFB784}.Debug|Win32.ActiveCfg = Debug|Any CPU
		{7695A0E3-2811-4F6E-92EF-94D856EFB784}.Debug|Win32.Build.0 = Debug|Any CPU
		{7695A0E3-2811-4F6E-92EF-94D856EFB784}.Debug|x64.ActiveCfg = Debug|x64
		{7695A0E3-2811-4F6E-92EF-94D856EFB784}.Debug|x64.Deploy.0 = Debug|x64
		{7695A0E3-2811-4F6E-92EF-94D856EFB784}.Debug|x86.ActiveCfg = Debug|Any CPU
		{7695A0E3-2811-4F6E-92EF-94D856EFB784}.Debug|x86.Build.0 = Debug|Any CPU
		{7695A0E3-2811-4F6E-92EF-94D856EFB784}.EngineDLL|Any CPU.ActiveCfg = EngineDLL|Any CPU
		{7695A0E3-2811-4F6E-92EF-94D856EFB784}.EngineDLL|Any CPU.Build.0 = EngineDLL|Any CPU
		{7695A0E3-2811-4F6E-92EF-94D856EFB784}.EngineDLL|ARM.ActiveCfg = EngineDLL|Any CPU
		{7695A0E3-2811-4F6E-92EF-94D856EFB784}.EngineDLL|ARM.Build.0 = EngineDLL|Any CPU
		{7695A0E3-2811-4F6E-92EF-94D856EFB784}.EngineDLL|Win32.ActiveCfg = EngineDLL|Any CPU
		{7695A0E3-2811-4F6E-92EF-94D856EFB784}.EngineDLL|Win32.Build.0 = EngineDLL|Any CPU
		{7695A0E3-2811-4F6E-92EF-94D856EFB784}.EngineDLL|x64.ActiveCfg = EngineDLL|x64
		{7695A0E3-2811-4F6E-92EF-94D856EFB784}.EngineDLL|x64.Build.0 = EngineDLL|x64
		{7695A0E3-2811-4F6E-92EF-94D856EFB784}.EngineDLL|x86.ActiveCfg = EngineDLL|Any CPU
		{7695A0E3-2811-4F6E-92EF-94D856EFB784}.EngineDLL|x86.Build.0 = EngineDLL|Any CPU
		{7695A0E3-2811-4F6E-92EF-94D856EFB784}.PerformanceProfiling|Any CPU.ActiveCfg = PerformanceProfiling|Any CPU
		{7695A0E3-2811-4F6E-92EF-94D856EFB784}.PerformanceProfiling|Any CPU.Build.0 = PerformanceProfiling|Any CPU
		{7695A0E3-2811-4F6E-92EF-94D856EFB784}.PerformanceProfiling|ARM.ActiveCfg = PerformanceProfiling|Any CPU
		{7695A0E3-2811-4F6E-92EF-94D856EFB784}.PerformanceProfiling|ARM.Build.0 = PerformanceProfiling|Any CPU
		{7695A0E3-2811-4F6E-92EF-94D856EFB784}.PerformanceProfiling|Win32.ActiveCfg = PerformanceProfiling|Any CPU
		{7695A0E3-2811-4F6E-92EF-94D856EFB784}.PerformanceProfiling|Win32.Build.0 = PerformanceProfiling|Any CPU
		{7695A0E3-2811-4F6E-92EF-94D856EFB784}.PerformanceProfiling|x64.ActiveCfg = PerformanceProfiling|x64
		{7695A0E3-2811-4F6E-92EF-94D856EFB784}.PerformanceProfiling|x64.Build.0 = PerformanceProfiling|x64
		{7695A0E3-2811-4F6E-92EF-94D856EFB784}.PerformanceProfiling|x86.ActiveCfg = PerformanceProfiling|Any CPU
		{7695A0E3-2811-4F6E-92EF-94D856EFB784}.PerformanceProfiling|x86.Build.0 = PerformanceProfiling|Any CPU
		{7695A0E3-2811-4F6E-92EF-94D856EFB784}.Release|Any CPU.ActiveCfg = Release|Any CPU
		{7695A0E3-2811-4F6E-92EF-94D856EFB784}.Release|Any CPU.Build.0 = Release|Any CPU
		{7695A0E3-2811-4F6E-92EF-94D856EFB784}.Release|ARM.ActiveCfg = Release|Any CPU
		{7695A0E3-2811-4F6E-92EF-94D856EFB784}.Release|ARM.Build.0 = Release|Any CPU
		{7695A0E3-2811-4F6E-92EF-94D856EFB784}.Release|Win32.ActiveCfg = Release|Any CPU
		{7695A0E3-2811-4F6E-92EF-94D856EFB784}.Release|Win32.Build.0 = Release|Any CPU
		{7695A0E3-2811-4F6E-92EF-94D856EFB784}.Release|x64.ActiveCfg = Release|Any CPU
		{7695A0E3-2811-4F6E-92EF-94D856EFB784}.Release|x64.Build.0 = Release|Any CPU
		{7695A0E3-2811-4F6E-92EF-94D856EFB784}.Release|x86.ActiveCfg = Release|Any CPU
		{7695A0E3-2811-4F6E-92EF-94D856EFB784}.Release|x86.Build.0 = Release|Any CPU
		{7695A0E3-2811-4F6E-92EF-94D856EFB784}.UI_UnitTest|Any CPU.ActiveCfg = UI_UnitTest|Any CPU
		{7695A0E3-2811-4F6E-92EF-94D856EFB784}.UI_UnitTest|Any CPU.Build.0 = UI_UnitTest|Any CPU
		{7695A0E3-2811-4F6E-92EF-94D856EFB784}.UI_UnitTest|ARM.ActiveCfg = UI_UnitTest|Any CPU
		{7695A0E3-2811-4F6E-92EF-94D856EFB784}.UI_UnitTest|ARM.Build.0 = UI_UnitTest|Any CPU
		{7695A0E3-2811-4F6E-92EF-94D856EFB784}.UI_UnitTest|Win32.ActiveCfg = UI_UnitTest|Any CPU
		{7695A0E3-2811-4F6E-92EF-94D856EFB784}.UI_UnitTest|Win32.Build.0 = UI_UnitTest|Any CPU
		{7695A0E3-2811-4F6E-92EF-94D856EFB784}.UI_UnitTest|x64.ActiveCfg = UI_UnitTest|Any CPU
		{7695A0E3-2811-4F6E-92EF-94D856EFB784}.UI_UnitTest|x64.Build.0 = UI_UnitTest|Any CPU
		{7695A0E3-2811-4F6E-92EF-94D856EFB784}.UI_UnitTest|x86.ActiveCfg = UI_UnitTest|Any CPU
		{7695A0E3-2811-4F6E-92EF-94D856EFB784}.UI_UnitTest|x86.Build.0 = UI_UnitTest|Any CPU
		{7695A0E3-2811-4F6E-92EF-94D856EFB784}.UnitTests|Any CPU.ActiveCfg = Release|Any CPU
		{7695A0E3-2811-4F6E-92EF-94D856EFB784}.UnitTests|Any CPU.Build.0 = Release|Any CPU
		{7695A0E3-2811-4F6E-92EF-94D856EFB784}.UnitTests|ARM.ActiveCfg = Release|Any CPU
		{7695A0E3-2811-4F6E-92EF-94D856EFB784}.UnitTests|ARM.Build.0 = Release|Any CPU
		{7695A0E3-2811-4F6E-92EF-94D856EFB784}.UnitTests|Win32.ActiveCfg = Release|Any CPU
		{7695A0E3-2811-4F6E-92EF-94D856EFB784}.UnitTests|Win32.Build.0 = Release|Any CPU
		{7695A0E3-2811-4F6E-92EF-94D856EFB784}.UnitTests|x64.ActiveCfg = Release|Any CPU
		{7695A0E3-2811-4F6E-92EF-94D856EFB784}.UnitTests|x64.Build.0 = Release|Any CPU
		{7695A0E3-2811-4F6E-92EF-94D856EFB784}.UnitTests|x86.ActiveCfg = Release|Any CPU
		{7695A0E3-2811-4F6E-92EF-94D856EFB784}.UnitTests|x86.Build.0 = Release|Any CPU
		{EDA19C32-1FB0-4372-AFEF-94EC9E0066D2}.Debug|Any CPU.ActiveCfg = Debug|Win32
		{EDA19C32-1FB0-4372-AFEF-94EC9E0066D2}.Debug|ARM.ActiveCfg = Debug|Win32
		{EDA19C32-1FB0-4372-AFEF-94EC9E0066D2}.Debug|Win32.ActiveCfg = Debug|Win32
		{EDA19C32-1FB0-4372-AFEF-94EC9E0066D2}.Debug|Win32.Build.0 = Debug|Win32
		{EDA19C32-1FB0-4372-AFEF-94EC9E0066D2}.Debug|x64.ActiveCfg = Debug|x64
		{EDA19C32-1FB0-4372-AFEF-94EC9E0066D2}.Debug|x86.ActiveCfg = Debug|Win32
		{EDA19C32-1FB0-4372-AFEF-94EC9E0066D2}.Debug|x86.Build.0 = Debug|Win32
		{EDA19C32-1FB0-4372-AFEF-94EC9E0066D2}.EngineDLL|Any CPU.ActiveCfg = EngineDLL|Win32
		{EDA19C32-1FB0-4372-AFEF-94EC9E0066D2}.EngineDLL|ARM.ActiveCfg = EngineDLL|Win32
		{EDA19C32-1FB0-4372-AFEF-94EC9E0066D2}.EngineDLL|Win32.ActiveCfg = EngineDLL|Win32
		{EDA19C32-1FB0-4372-AFEF-94EC9E0066D2}.EngineDLL|Win32.Build.0 = EngineDLL|Win32
		{EDA19C32-1FB0-4372-AFEF-94EC9E0066D2}.EngineDLL|x64.ActiveCfg = EngineDLL|x64
		{EDA19C32-1FB0-4372-AFEF-94EC9E0066D2}.EngineDLL|x64.Build.0 = EngineDLL|x64
		{EDA19C32-1FB0-4372-AFEF-94EC9E0066D2}.EngineDLL|x86.ActiveCfg = EngineDLL|Win32
		{EDA19C32-1FB0-4372-AFEF-94EC9E0066D2}.EngineDLL|x86.Build.0 = EngineDLL|Win32
		{EDA19C32-1FB0-4372-AFEF-94EC9E0066D2}.PerformanceProfiling|Any CPU.ActiveCfg = PerformanceProfiling|Win32
		{EDA19C32-1FB0-4372-AFEF-94EC9E0066D2}.PerformanceProfiling|ARM.ActiveCfg = PerformanceProfiling|Win32
		{EDA19C32-1FB0-4372-AFEF-94EC9E0066D2}.PerformanceProfiling|Win32.ActiveCfg = PerformanceProfiling|Win32
		{EDA19C32-1FB0-4372-AFEF-94EC9E0066D2}.PerformanceProfiling|x64.ActiveCfg = PerformanceProfiling|x64
		{EDA19C32-1FB0-4372-AFEF-94EC9E0066D2}.PerformanceProfiling|x86.ActiveCfg = PerformanceProfiling|Win32
		{EDA19C32-1FB0-4372-AFEF-94EC9E0066D2}.PerformanceProfiling|x86.Build.0 = PerformanceProfiling|Win32
		{EDA19C32-1FB0-4372-AFEF-94EC9E0066D2}.Release|Any CPU.ActiveCfg = Release|Win32
		{EDA19C32-1FB0-4372-AFEF-94EC9E0066D2}.Release|ARM.ActiveCfg = Release|Win32
		{EDA19C32-1FB0-4372-AFEF-94EC9E0066D2}.Release|Win32.ActiveCfg = Release|Win32
		{EDA19C32-1FB0-4372-AFEF-94EC9E0066D2}.Release|Win32.Build.0 = Release|Win32
		{EDA19C32-1FB0-4372-AFEF-94EC9E0066D2}.Release|x64.ActiveCfg = Release|x64
		{EDA19C32-1FB0-4372-AFEF-94EC9E0066D2}.Release|x86.ActiveCfg = Release|Win32
		{EDA19C32-1FB0-4372-AFEF-94EC9E0066D2}.Release|x86.Build.0 = Release|Win32
		{EDA19C32-1FB0-4372-AFEF-94EC9E0066D2}.UI_UnitTest|Any CPU.ActiveCfg = UI_UnitTest|Win32
		{EDA19C32-1FB0-4372-AFEF-94EC9E0066D2}.UI_UnitTest|ARM.ActiveCfg = UI_UnitTest|Win32
		{EDA19C32-1FB0-4372-AFEF-94EC9E0066D2}.UI_UnitTest|Win32.ActiveCfg = UI_UnitTest|Win32
		{EDA19C32-1FB0-4372-AFEF-94EC9E0066D2}.UI_UnitTest|Win32.Build.0 = UI_UnitTest|Win32
		{EDA19C32-1FB0-4372-AFEF-94EC9E0066D2}.UI_UnitTest|x64.ActiveCfg = UI_UnitTest|x64
		{EDA19C32-1FB0-4372-AFEF-94EC9E0066D2}.UI_UnitTest|x64.Build.0 = UI_UnitTest|x64
		{EDA19C32-1FB0-4372-AFEF-94EC9E0066D2}.UI_UnitTest|x86.ActiveCfg = UI_UnitTest|Win32
		{EDA19C32-1FB0-4372-AFEF-94EC9E0066D2}.UI_UnitTest|x86.Build.0 = UI_UnitTest|Win32
		{EDA19C32-1FB0-4372-AFEF-94EC9E0066D2}.UnitTests|Any CPU.ActiveCfg = UnitTests|Win32
		{EDA19C32-1FB0-4372-AFEF-94EC9E0066D2}.UnitTests|ARM.ActiveCfg = UnitTests|Win32
		{EDA19C32-1FB0-4372-AFEF-94EC9E0066D2}.UnitTests|Win32.ActiveCfg = UnitTests|Win32
		{EDA19C32-1FB0-4372-AFEF-94EC9E0066D2}.UnitTests|Win32.Build.0 = UnitTests|Win32
		{EDA19C32-1FB0-4372-AFEF-94EC9E0066D2}.UnitTests|x64.ActiveCfg = UnitTests|x64
		{EDA19C32-1FB0-4372-AFEF-94EC9E0066D2}.UnitTests|x64.Build.0 = UnitTests|x64
		{EDA19C32-1FB0-4372-AFEF-94EC9E0066D2}.UnitTests|x86.ActiveCfg = UnitTests|Win32
		{EDA19C32-1FB0-4372-AFEF-94EC9E0066D2}.UnitTests|x86.Build.0 = UnitTests|Win32
	EndGlobalSection
	GlobalSection(SolutionProperties) = preSolution
		HideSolutionNode = FALSE
	EndGlobalSection
	GlobalSection(NestedProjects) = preSolution
		{5EB70CDA-DA3B-444B-AF18-F455C1459C13} = {542B3DC2-200D-496D-B89D-92A9AB3F2607}
		{7695A0E3-2811-4F6E-92EF-94D856EFB784} = {542B3DC2-200D-496D-B89D-92A9AB3F2607}
		{EDA19C32-1FB0-4372-AFEF-94EC9E0066D2} = {542B3DC2-200D-496D-B89D-92A9AB3F2607}
	EndGlobalSection
EndGlobal
