
Microsoft Visual Studio Solution File, Format Version 12.00
# Visual Studio 14
VisualStudioVersion = 14.0.23107.0
MinimumVisualStudioVersion = 10.0.40219.1
Project("{FAE04EC0-301F-11D3-BF4B-00C04F79EFBC}") = "ChessUI", "ChessUI\ChessUI.csproj", "{42575EA1-4DFA-4209-A4A9-959065B69DF8}"
EndProject
Project("{8BC9CEB8-8B4A-11D0-8D11-00A0C91BC942}") = "Engine", "Engine\Engine.vcxproj", "{6D62C22A-8271-492A-A06F-BAB514DAA03B}"
EndProject
Project("{8BC9CEB8-8B4A-11D0-8D11-00A0C91BC942}") = "CPP BaseCode", "CPP BaseCode\CPP BaseCode.vcxproj", "{9488B884-C9AE-48FC-A88A-E1706A152D91}"
EndProject
Project("{2150E333-8FDC-42A3-9474-1A3956D46DE8}") = "UnitTests", "UnitTests", "{542B3DC2-200D-496D-B89D-92A9AB3F2607}"
EndProject
Project("{8BC9CEB8-8B4A-11D0-8D11-00A0C91BC942}") = "EngineTests", "EngineTests\EngineTests.vcxproj", "{EDA19C32-1FB0-4372-AFEF-94EC9E0066D2}"
EndProject
Project("{8BC9CEB8-8B4A-11D0-8D11-00A0C91BC942}") = "FormatLib", "FormatLib\FormatLib.vcxproj", "{05FD5EAD-69A8-4D5D-81B4-6BC27616CDEE}"
EndProject
Global
	GlobalSection(SolutionConfigurationPlatforms) = preSolution
		Debug|Any CPU = Debug|Any CPU
		Debug|ARM = Debug|ARM
		Debug|Win32 = Debug|Win32
		Debug|x64 = Debug|x64
		Debug|x86 = Debug|x86
		Release|Any CPU = Release|Any CPU
		Release|ARM = Release|ARM
		Release|Win32 = Release|Win32
		Release|x64 = Release|x64
		Release|x86 = Release|x86
		UnitTests|Any CPU = UnitTests|Any CPU
		UnitTests|ARM = UnitTests|ARM
		UnitTests|Win32 = UnitTests|Win32
		UnitTests|x64 = UnitTests|x64
		UnitTests|x86 = UnitTests|x86
	EndGlobalSection
	GlobalSection(ProjectConfigurationPlatforms) = postSolution
		{42575EA1-4DFA-4209-A4A9-959065B69DF8}.Debug|Any CPU.ActiveCfg = Debug|x86
		{42575EA1-4DFA-4209-A4A9-959065B69DF8}.Debug|ARM.ActiveCfg = Debug|Any CPU
		{42575EA1-4DFA-4209-A4A9-959065B69DF8}.Debug|ARM.Build.0 = Debug|Any CPU
		{42575EA1-4DFA-4209-A4A9-959065B69DF8}.Debug|Win32.ActiveCfg = Debug|x86
		{42575EA1-4DFA-4209-A4A9-959065B69DF8}.Debug|Win32.Build.0 = Debug|x86
		{42575EA1-4DFA-4209-A4A9-959065B69DF8}.Debug|x64.ActiveCfg = Debug|x64
		{42575EA1-4DFA-4209-A4A9-959065B69DF8}.Debug|x64.Build.0 = Debug|x64
		{42575EA1-4DFA-4209-A4A9-959065B69DF8}.Debug|x86.ActiveCfg = Debug|x86
		{42575EA1-4DFA-4209-A4A9-959065B69DF8}.Debug|x86.Build.0 = Debug|x86
		{42575EA1-4DFA-4209-A4A9-959065B69DF8}.Release|Any CPU.ActiveCfg = Debug|x86
		{42575EA1-4DFA-4209-A4A9-959065B69DF8}.Release|ARM.ActiveCfg = Release|Any CPU
		{42575EA1-4DFA-4209-A4A9-959065B69DF8}.Release|ARM.Build.0 = Release|Any CPU
		{42575EA1-4DFA-4209-A4A9-959065B69DF8}.Release|Win32.ActiveCfg = Debug|x86
		{42575EA1-4DFA-4209-A4A9-959065B69DF8}.Release|Win32.Build.0 = Release|x86
		{42575EA1-4DFA-4209-A4A9-959065B69DF8}.Release|x64.ActiveCfg = Release|x86
		{42575EA1-4DFA-4209-A4A9-959065B69DF8}.Release|x64.Build.0 = Release|x86
		{42575EA1-4DFA-4209-A4A9-959065B69DF8}.Release|x86.ActiveCfg = Debug|x86
		{42575EA1-4DFA-4209-A4A9-959065B69DF8}.Release|x86.Build.0 = Release|x86
		{42575EA1-4DFA-4209-A4A9-959065B69DF8}.UnitTests|Any CPU.ActiveCfg = UnitTests|Any CPU
		{42575EA1-4DFA-4209-A4A9-959065B69DF8}.UnitTests|ARM.ActiveCfg = UnitTests|Any CPU
		{42575EA1-4DFA-4209-A4A9-959065B69DF8}.UnitTests|ARM.Build.0 = UnitTests|Any CPU
		{42575EA1-4DFA-4209-A4A9-959065B69DF8}.UnitTests|Win32.ActiveCfg = UnitTests|x86
		{42575EA1-4DFA-4209-A4A9-959065B69DF8}.UnitTests|Win32.Build.0 = UnitTests|x86
		{42575EA1-4DFA-4209-A4A9-959065B69DF8}.UnitTests|x64.ActiveCfg = UnitTests|x64
		{42575EA1-4DFA-4209-A4A9-959065B69DF8}.UnitTests|x64.Build.0 = UnitTests|x64
		{42575EA1-4DFA-4209-A4A9-959065B69DF8}.UnitTests|x86.ActiveCfg = UnitTests|x86
		{6D62C22A-8271-492A-A06F-BAB514DAA03B}.Debug|Any CPU.ActiveCfg = Debug|Win32
		{6D62C22A-8271-492A-A06F-BAB514DAA03B}.Debug|Any CPU.Build.0 = Debug|x64
		{6D62C22A-8271-492A-A06F-BAB514DAA03B}.Debug|ARM.ActiveCfg = Debug|Win32
		{6D62C22A-8271-492A-A06F-BAB514DAA03B}.Debug|Win32.ActiveCfg = Debug|Win32
		{6D62C22A-8271-492A-A06F-BAB514DAA03B}.Debug|Win32.Build.0 = Debug|Win32
		{6D62C22A-8271-492A-A06F-BAB514DAA03B}.Debug|x64.ActiveCfg = Debug|x64
		{6D62C22A-8271-492A-A06F-BAB514DAA03B}.Debug|x64.Build.0 = Debug|x64
		{6D62C22A-8271-492A-A06F-BAB514DAA03B}.Debug|x86.ActiveCfg = Debug|Win32
		{6D62C22A-8271-492A-A06F-BAB514DAA03B}.Debug|x86.Build.0 = Debug|Win32
		{6D62C22A-8271-492A-A06F-BAB514DAA03B}.Release|Any CPU.ActiveCfg = Debug|Win32
		{6D62C22A-8271-492A-A06F-BAB514DAA03B}.Release|ARM.ActiveCfg = Release|Win32
		{6D62C22A-8271-492A-A06F-BAB514DAA03B}.Release|Win32.ActiveCfg = Debug|Win32
		{6D62C22A-8271-492A-A06F-BAB514DAA03B}.Release|Win32.Build.0 = Release|Win32
		{6D62C22A-8271-492A-A06F-BAB514DAA03B}.Release|x64.ActiveCfg = Release|Win32
		{6D62C22A-8271-492A-A06F-BAB514DAA03B}.Release|x64.Build.0 = Release|Win32
		{6D62C22A-8271-492A-A06F-BAB514DAA03B}.Release|x86.ActiveCfg = Debug|Win32
		{6D62C22A-8271-492A-A06F-BAB514DAA03B}.Release|x86.Build.0 = Release|Win32
		{6D62C22A-8271-492A-A06F-BAB514DAA03B}.UnitTests|Any CPU.ActiveCfg = UnitTests|Win32
		{6D62C22A-8271-492A-A06F-BAB514DAA03B}.UnitTests|ARM.ActiveCfg = UnitTests|Win32
		{6D62C22A-8271-492A-A06F-BAB514DAA03B}.UnitTests|Win32.ActiveCfg = UnitTests|Win32
		{6D62C22A-8271-492A-A06F-BAB514DAA03B}.UnitTests|x64.ActiveCfg = UnitTests|x64
		{6D62C22A-8271-492A-A06F-BAB514DAA03B}.UnitTests|x64.Build.0 = UnitTests|x64
		{6D62C22A-8271-492A-A06F-BAB514DAA03B}.UnitTests|x86.ActiveCfg = UnitTests|Win32
		{6D62C22A-8271-492A-A06F-BAB514DAA03B}.UnitTests|x86.Build.0 = UnitTests|Win32
		{9488B884-C9AE-48FC-A88A-E1706A152D91}.Debug|Any CPU.ActiveCfg = Debug|Win32
		{9488B884-C9AE-48FC-A88A-E1706A152D91}.Debug|Any CPU.Build.0 = Debug|x64
		{9488B884-C9AE-48FC-A88A-E1706A152D91}.Debug|ARM.ActiveCfg = Debug|Win32
		{9488B884-C9AE-48FC-A88A-E1706A152D91}.Debug|Win32.ActiveCfg = Debug|Win32
		{9488B884-C9AE-48FC-A88A-E1706A152D91}.Debug|Win32.Build.0 = Debug|Win32
		{9488B884-C9AE-48FC-A88A-E1706A152D91}.Debug|x64.ActiveCfg = Debug|x64
		{9488B884-C9AE-48FC-A88A-E1706A152D91}.Debug|x64.Build.0 = Debug|x64
		{9488B884-C9AE-48FC-A88A-E1706A152D91}.Debug|x86.ActiveCfg = Debug|Win32
		{9488B884-C9AE-48FC-A88A-E1706A152D91}.Debug|x86.Build.0 = Debug|Win32
		{9488B884-C9AE-48FC-A88A-E1706A152D91}.Release|Any CPU.ActiveCfg = Debug|Win32
		{9488B884-C9AE-48FC-A88A-E1706A152D91}.Release|ARM.ActiveCfg = Release|Win32
		{9488B884-C9AE-48FC-A88A-E1706A152D91}.Release|Win32.ActiveCfg = Debug|Win32
		{9488B884-C9AE-48FC-A88A-E1706A152D91}.Release|Win32.Build.0 = Release|Win32
		{9488B884-C9AE-48FC-A88A-E1706A152D91}.Release|x64.ActiveCfg = Release|Win32
		{9488B884-C9AE-48FC-A88A-E1706A152D91}.Release|x64.Build.0 = Release|Win32
		{9488B884-C9AE-48FC-A88A-E1706A152D91}.Release|x86.ActiveCfg = Debug|Win32
		{9488B884-C9AE-48FC-A88A-E1706A152D91}.Release|x86.Build.0 = Release|Win32
		{9488B884-C9AE-48FC-A88A-E1706A152D91}.UnitTests|Any CPU.ActiveCfg = UnitTests|Win32
		{9488B884-C9AE-48FC-A88A-E1706A152D91}.UnitTests|ARM.ActiveCfg = UnitTests|Win32
		{9488B884-C9AE-48FC-A88A-E1706A152D91}.UnitTests|Win32.ActiveCfg = UnitTests|Win32
		{9488B884-C9AE-48FC-A88A-E1706A152D91}.UnitTests|x64.ActiveCfg = UnitTests|x64
		{9488B884-C9AE-48FC-A88A-E1706A152D91}.UnitTests|x64.Build.0 = UnitTests|x64
		{9488B884-C9AE-48FC-A88A-E1706A152D91}.UnitTests|x86.ActiveCfg = UnitTests|Win32
		{9488B884-C9AE-48FC-A88A-E1706A152D91}.UnitTests|x86.Build.0 = UnitTests|Win32
		{EDA19C32-1FB0-4372-AFEF-94EC9E0066D2}.Debug|Any CPU.ActiveCfg = Debug|Win32
		{EDA19C32-1FB0-4372-AFEF-94EC9E0066D2}.Debug|ARM.ActiveCfg = Debug|Win32
		{EDA19C32-1FB0-4372-AFEF-94EC9E0066D2}.Debug|Win32.ActiveCfg = Debug|Win32
		{EDA19C32-1FB0-4372-AFEF-94EC9E0066D2}.Debug|Win32.Build.0 = Debug|Win32
		{EDA19C32-1FB0-4372-AFEF-94EC9E0066D2}.Debug|x64.ActiveCfg = Debug|x64
		{EDA19C32-1FB0-4372-AFEF-94EC9E0066D2}.Debug|x86.ActiveCfg = Debug|Win32
		{EDA19C32-1FB0-4372-AFEF-94EC9E0066D2}.Debug|x86.Build.0 = Debug|Win32
		{EDA19C32-1FB0-4372-AFEF-94EC9E0066D2}.Release|Any CPU.ActiveCfg = Release|Win32
		{EDA19C32-1FB0-4372-AFEF-94EC9E0066D2}.Release|ARM.ActiveCfg = Release|Win32
		{EDA19C32-1FB0-4372-AFEF-94EC9E0066D2}.Release|Win32.ActiveCfg = Release|Win32
		{EDA19C32-1FB0-4372-AFEF-94EC9E0066D2}.Release|Win32.Build.0 = Release|Win32
		{EDA19C32-1FB0-4372-AFEF-94EC9E0066D2}.Release|x64.ActiveCfg = Release|x64
		{EDA19C32-1FB0-4372-AFEF-94EC9E0066D2}.Release|x86.ActiveCfg = Release|Win32
		{EDA19C32-1FB0-4372-AFEF-94EC9E0066D2}.Release|x86.Build.0 = Release|Win32
		{EDA19C32-1FB0-4372-AFEF-94EC9E0066D2}.UnitTests|Any CPU.ActiveCfg = UnitTests|Win32
		{EDA19C32-1FB0-4372-AFEF-94EC9E0066D2}.UnitTests|ARM.ActiveCfg = UnitTests|Win32
		{EDA19C32-1FB0-4372-AFEF-94EC9E0066D2}.UnitTests|Win32.ActiveCfg = UnitTests|Win32
		{EDA19C32-1FB0-4372-AFEF-94EC9E0066D2}.UnitTests|x64.ActiveCfg = UnitTests|x64
		{EDA19C32-1FB0-4372-AFEF-94EC9E0066D2}.UnitTests|x64.Build.0 = UnitTests|x64
		{EDA19C32-1FB0-4372-AFEF-94EC9E0066D2}.UnitTests|x86.ActiveCfg = UnitTests|Win32
		{EDA19C32-1FB0-4372-AFEF-94EC9E0066D2}.UnitTests|x86.Build.0 = UnitTests|Win32
		{05FD5EAD-69A8-4D5D-81B4-6BC27616CDEE}.Debug|Any CPU.ActiveCfg = Debug|Win32
		{05FD5EAD-69A8-4D5D-81B4-6BC27616CDEE}.Debug|ARM.ActiveCfg = Debug|Win32
		{05FD5EAD-69A8-4D5D-81B4-6BC27616CDEE}.Debug|Win32.ActiveCfg = Debug|Win32
		{05FD5EAD-69A8-4D5D-81B4-6BC27616CDEE}.Debug|Win32.Build.0 = Debug|Win32
		{05FD5EAD-69A8-4D5D-81B4-6BC27616CDEE}.Debug|x64.ActiveCfg = Debug|x64
		{05FD5EAD-69A8-4D5D-81B4-6BC27616CDEE}.Debug|x64.Build.0 = Debug|x64
		{05FD5EAD-69A8-4D5D-81B4-6BC27616CDEE}.Debug|x86.ActiveCfg = Debug|Win32
		{05FD5EAD-69A8-4D5D-81B4-6BC27616CDEE}.Debug|x86.Build.0 = Debug|Win32
		{05FD5EAD-69A8-4D5D-81B4-6BC27616CDEE}.Release|Any CPU.ActiveCfg = Release|Win32
		{05FD5EAD-69A8-4D5D-81B4-6BC27616CDEE}.Release|ARM.ActiveCfg = Release|Win32
		{05FD5EAD-69A8-4D5D-81B4-6BC27616CDEE}.Release|Win32.ActiveCfg = Release|Win32
		{05FD5EAD-69A8-4D5D-81B4-6BC27616CDEE}.Release|Win32.Build.0 = Release|Win32
		{05FD5EAD-69A8-4D5D-81B4-6BC27616CDEE}.Release|x64.ActiveCfg = Release|x64
		{05FD5EAD-69A8-4D5D-81B4-6BC27616CDEE}.Release|x64.Build.0 = Release|x64
		{05FD5EAD-69A8-4D5D-81B4-6BC27616CDEE}.Release|x86.ActiveCfg = Release|Win32
		{05FD5EAD-69A8-4D5D-81B4-6BC27616CDEE}.Release|x86.Build.0 = Release|Win32
		{05FD5EAD-69A8-4D5D-81B4-6BC27616CDEE}.UnitTests|Any CPU.ActiveCfg = Release|x64
		{05FD5EAD-69A8-4D5D-81B4-6BC27616CDEE}.UnitTests|Any CPU.Build.0 = Release|x64
		{05FD5EAD-69A8-4D5D-81B4-6BC27616CDEE}.UnitTests|ARM.ActiveCfg = Release|x64
		{05FD5EAD-69A8-4D5D-81B4-6BC27616CDEE}.UnitTests|ARM.Build.0 = Release|x64
		{05FD5EAD-69A8-4D5D-81B4-6BC27616CDEE}.UnitTests|Win32.ActiveCfg = Release|Win32
		{05FD5EAD-69A8-4D5D-81B4-6BC27616CDEE}.UnitTests|Win32.Build.0 = Release|Win32
		{05FD5EAD-69A8-4D5D-81B4-6BC27616CDEE}.UnitTests|x64.ActiveCfg = UnitTests|x64
		{05FD5EAD-69A8-4D5D-81B4-6BC27616CDEE}.UnitTests|x64.Build.0 = UnitTests|x64
		{05FD5EAD-69A8-4D5D-81B4-6BC27616CDEE}.UnitTests|x86.ActiveCfg = Release|Win32
		{05FD5EAD-69A8-4D5D-81B4-6BC27616CDEE}.UnitTests|x86.Build.0 = Release|Win32
	EndGlobalSection
	GlobalSection(SolutionProperties) = preSolution
		HideSolutionNode = FALSE
	EndGlobalSection
	GlobalSection(NestedProjects) = preSolution
		{EDA19C32-1FB0-4372-AFEF-94EC9E0066D2} = {542B3DC2-200D-496D-B89D-92A9AB3F2607}
	EndGlobalSection
EndGlobal
