<?xml version="1.0" encoding="utf-8"?>
<Project ToolsVersion="4.0" xmlns="http://schemas.microsoft.com/developer/msbuild/2003">
  <ItemGroup>
    <Filter Include="Source Files">
      <UniqueIdentifier>{4FC737F1-C7A5-4376-A066-2A32D752A2FF}</UniqueIdentifier>
      <Extensions>cpp;c;cc;cxx;def;odl;idl;hpj;bat;asm;asmx</Extensions>
    </Filter>
    <Filter Include="Header Files">
      <UniqueIdentifier>{93995380-89BD-4b04-88EB-625FBE52EBFB}</UniqueIdentifier>
      <Extensions>h;hh;hpp;hxx;hm;inl;inc;xsd</Extensions>
    </Filter>
    <Filter Include="Resource Files">
      <UniqueIdentifier>{67DA6AB6-F800-4c08-8B7A-83BB121AAD01}</UniqueIdentifier>
      <Extensions>rc;ico;cur;bmp;dlg;rc2;rct;bin;rgs;gif;jpg;jpeg;jpe;resx;tiff;tif;png;wav;mfcribbon-ms</Extensions>
    </Filter>
  </ItemGroup>
  <ItemGroup>
    <ClCompile Include="src\board\Bitboards.cpp">
      <Filter>Source Files</Filter>
    </ClCompile>
    <ClCompile Include="src\board\piecePlacement.cpp">
      <Filter>Source Files</Filter>
    </ClCompile>
    <ClCompile Include="src\board\represenation.cpp">
      <Filter>Source Files</Filter>
    </ClCompile>
    <ClCompile Include="src\util\FEN.cpp">
      <Filter>Source Files</Filter>
    </ClCompile>
    <ClCompile Include="src\main.cpp">
      <Filter>Source Files</Filter>
    </ClCompile>
    <ClCompile Include="src\util\BoardParser.cpp">
      <Filter>Source Files</Filter>
    </ClCompile>
    <ClCompile Include="src\LittleHelper.cpp">
      <Filter>Source Files</Filter>
    </ClCompile>
    <ClCompile Include="src\UCI.cpp">
      <Filter>Source Files</Filter>
    </ClCompile>
    <ClCompile Include="src\MoveGen.cpp">
      <Filter>Source Files</Filter>
    </ClCompile>
    <ClCompile Include="src\Zorbist.cpp">
      <Filter>Source Files</Filter>
    </ClCompile>
  </ItemGroup>
  <ItemGroup>
    <ClInclude Include="Header\BitBoards.h">
      <Filter>Header Files</Filter>
    </ClInclude>
    <ClInclude Include="Header\FEN.h">
      <Filter>Header Files</Filter>
    </ClInclude>
    <ClInclude Include="Header\main.h">
      <Filter>Header Files</Filter>
    </ClInclude>
    <ClInclude Include="Header\piecePlacement.h">
      <Filter>Header Files</Filter>
    </ClInclude>
    <ClInclude Include="Header\platform.h">
      <Filter>Header Files</Filter>
    </ClInclude>
    <ClInclude Include="Header\represenation.h">
      <Filter>Header Files</Filter>
    </ClInclude>
    <ClInclude Include="Header\types.h">
      <Filter>Header Files</Filter>
    </ClInclude>
    <ClInclude Include="Header\stdafx.h">
      <Filter>Header Files</Filter>
    </ClInclude>
    <ClInclude Include="Header\Engine_inc.h">
      <Filter>Header Files</Filter>
    </ClInclude>
    <ClInclude Include="Header\BoardParser.h">
      <Filter>Header Files</Filter>
    </ClInclude>
    <ClInclude Include="Header\LittleHelper.h">
      <Filter>Header Files</Filter>
    </ClInclude>
    <ClInclude Include="Header\EngineMacros.h">
      <Filter>Header Files</Filter>
    </ClInclude>
    <ClInclude Include="Header\UCI.h">
      <Filter>Header Files</Filter>
    </ClInclude>
    <ClInclude Include="Header\MoveGen.h">
      <Filter>Header Files</Filter>
    </ClInclude>
    <ClInclude Include="Header\Logger.h">
      <Filter>Header Files</Filter>
    </ClInclude>
    <ClInclude Include="Header\misc.h">
      <Filter>Header Files</Filter>
    </ClInclude>
    <ClInclude Include="Header\bitcount.h">
      <Filter>Header Files</Filter>
    </ClInclude>
    <ClInclude Include="Header\MoveList.hpp">
      <Filter>Header Files</Filter>
    </ClInclude>
    <ClInclude Include="Header\Zorbist.h">
      <Filter>Header Files</Filter>
    </ClInclude>
  </ItemGroup>
</Project>